// !$*UTF8*$!
{
	archiveVersion = 1;
	classes = {
	};
	objectVersion = 50;
	objects = {

/* Begin PBXBuildFile section */
		D46720E6244D881700550BF0 /* AppDelegate.m in Sources */ = {isa = PBXBuildFile; fileRef = D46720E5244D881700550BF0 /* AppDelegate.m */; };
		D46720E9244D881700550BF0 /* SceneDelegate.m in Sources */ = {isa = PBXBuildFile; fileRef = D46720E8244D881700550BF0 /* SceneDelegate.m */; };
		D46720EC244D881700550BF0 /* ViewController.m in Sources */ = {isa = PBXBuildFile; fileRef = D46720EB244D881700550BF0 /* ViewController.m */; };
		D46720EF244D881700550BF0 /* Main.storyboard in Resources */ = {isa = PBXBuildFile; fileRef = D46720ED244D881700550BF0 /* Main.storyboard */; };
		D46720F2244D881700550BF0 /* showButton.xcdatamodeld in Sources */ = {isa = PBXBuildFile; fileRef = D46720F0244D881700550BF0 /* showButton.xcdatamodeld */; };
		D46720F4244D881800550BF0 /* Assets.xcassets in Resources */ = {isa = PBXBuildFile; fileRef = D46720F3244D881800550BF0 /* Assets.xcassets */; };
		D46720F7244D881800550BF0 /* LaunchScreen.storyboard in Resources */ = {isa = PBXBuildFile; fileRef = D46720F5244D881800550BF0 /* LaunchScreen.storyboard */; };
		D46720FA244D881800550BF0 /* main.m in Sources */ = {isa = PBXBuildFile; fileRef = D46720F9244D881800550BF0 /* main.m */; };
		D4672104244D881900550BF0 /* showButtonUITests.m in Sources */ = {isa = PBXBuildFile; fileRef = D4672103244D881900550BF0 /* showButtonUITests.m */; };
/* End PBXBuildFile section */

/* Begin PBXContainerItemProxy section */
		D4672100244D881900550BF0 /* PBXContainerItemProxy */ = {
			isa = PBXContainerItemProxy;
			containerPortal = D46720D9244D881700550BF0 /* Project object */;
			proxyType = 1;
			remoteGlobalIDString = D46720E0244D881700550BF0;
			remoteInfo = showButton;
		};
/* End PBXContainerItemProxy section */

/* Begin PBXFileReference section */
		D46720E1244D881700550BF0 /* showButton.app */ = {isa = PBXFileReference; explicitFileType = wrapper.application; includeInIndex = 0; path = showButton.app; sourceTree = BUILT_PRODUCTS_DIR; };
		D46720E4244D881700550BF0 /* AppDelegate.h */ = {isa = PBXFileReference; lastKnownFileType = sourcecode.c.h; path = AppDelegate.h; sourceTree = "<group>"; };
		D46720E5244D881700550BF0 /* AppDelegate.m */ = {isa = PBXFileReference; lastKnownFileType = sourcecode.c.objc; path = AppDelegate.m; sourceTree = "<group>"; };
		D46720E7244D881700550BF0 /* SceneDelegate.h */ = {isa = PBXFileReference; lastKnownFileType = sourcecode.c.h; path = SceneDelegate.h; sourceTree = "<group>"; };
		D46720E8244D881700550BF0 /* SceneDelegate.m */ = {isa = PBXFileReference; lastKnownFileType = sourcecode.c.objc; path = SceneDelegate.m; sourceTree = "<group>"; };
		D46720EA244D881700550BF0 /* ViewController.h */ = {isa = PBXFileReference; lastKnownFileType = sourcecode.c.h; path = ViewController.h; sourceTree = "<group>"; };
		D46720EB244D881700550BF0 /* ViewController.m */ = {isa = PBXFileReference; lastKnownFileType = sourcecode.c.objc; path = ViewController.m; sourceTree = "<group>"; };
		D46720EE244D881700550BF0 /* Base */ = {isa = PBXFileReference; lastKnownFileType = file.storyboard; name = Base; path = Base.lproj/Main.storyboard; sourceTree = "<group>"; };
		D46720F1244D881700550BF0 /* showButton.xcdatamodel */ = {isa = PBXFileReference; lastKnownFileType = wrapper.xcdatamodel; path = showButton.xcdatamodel; sourceTree = "<group>"; };
		D46720F3244D881800550BF0 /* Assets.xcassets */ = {isa = PBXFileReference; lastKnownFileType = folder.assetcatalog; path = Assets.xcassets; sourceTree = "<group>"; };
		D46720F6244D881800550BF0 /* Base */ = {isa = PBXFileReference; lastKnownFileType = file.storyboard; name = Base; path = Base.lproj/LaunchScreen.storyboard; sourceTree = "<group>"; };
		D46720F8244D881800550BF0 /* Info.plist */ = {isa = PBXFileReference; lastKnownFileType = text.plist.xml; path = Info.plist; sourceTree = "<group>"; };
		D46720F9244D881800550BF0 /* main.m */ = {isa = PBXFileReference; lastKnownFileType = sourcecode.c.objc; path = main.m; sourceTree = "<group>"; };
		D46720FF244D881900550BF0 /* showButtonUITests.xctest */ = {isa = PBXFileReference; explicitFileType = wrapper.cfbundle; includeInIndex = 0; path = showButtonUITests.xctest; sourceTree = BUILT_PRODUCTS_DIR; };
		D4672103244D881900550BF0 /* showButtonUITests.m */ = {isa = PBXFileReference; lastKnownFileType = sourcecode.c.objc; path = showButtonUITests.m; sourceTree = "<group>"; };
		D4672105244D881900550BF0 /* Info.plist */ = {isa = PBXFileReference; lastKnownFileType = text.plist.xml; path = Info.plist; sourceTree = "<group>"; };
/* End PBXFileReference section */

/* Begin PBXFrameworksBuildPhase section */
		D46720DE244D881700550BF0 /* Frameworks */ = {
			isa = PBXFrameworksBuildPhase;
			buildActionMask = 2147483647;
			files = (
			);
			runOnlyForDeploymentPostprocessing = 0;
		};
		D46720FC244D881900550BF0 /* Frameworks */ = {
			isa = PBXFrameworksBuildPhase;
			buildActionMask = 2147483647;
			files = (
			);
			runOnlyForDeploymentPostprocessing = 0;
		};
/* End PBXFrameworksBuildPhase section */

/* Begin PBXGroup section */
		D46720D8244D881700550BF0 = {
			isa = PBXGroup;
			children = (
				D46720E3244D881700550BF0 /* showButton */,
				D4672102244D881900550BF0 /* showButtonUITests */,
				D46720E2244D881700550BF0 /* Products */,
			);
			sourceTree = "<group>";
		};
		D46720E2244D881700550BF0 /* Products */ = {
			isa = PBXGroup;
			children = (
				D46720E1244D881700550BF0 /* showButton.app */,
				D46720FF244D881900550BF0 /* showButtonUITests.xctest */,
			);
			name = Products;
			sourceTree = "<group>";
		};
		D46720E3244D881700550BF0 /* showButton */ = {
			isa = PBXGroup;
			children = (
				D46720E4244D881700550BF0 /* AppDelegate.h */,
				D46720E5244D881700550BF0 /* AppDelegate.m */,
				D46720E7244D881700550BF0 /* SceneDelegate.h */,
				D46720E8244D881700550BF0 /* SceneDelegate.m */,
				D46720EA244D881700550BF0 /* ViewController.h */,
				D46720EB244D881700550BF0 /* ViewController.m */,
				D46720ED244D881700550BF0 /* Main.storyboard */,
				D46720F3244D881800550BF0 /* Assets.xcassets */,
				D46720F5244D881800550BF0 /* LaunchScreen.storyboard */,
				D46720F8244D881800550BF0 /* Info.plist */,
				D46720F9244D881800550BF0 /* main.m */,
				D46720F0244D881700550BF0 /* showButton.xcdatamodeld */,
			);
			path = showButton;
			sourceTree = "<group>";
		};
		D4672102244D881900550BF0 /* showButtonUITests */ = {
			isa = PBXGroup;
			children = (
				D4672103244D881900550BF0 /* showButtonUITests.m */,
				D4672105244D881900550BF0 /* Info.plist */,
			);
			path = showButtonUITests;
			sourceTree = "<group>";
		};
/* End PBXGroup section */

/* Begin PBXNativeTarget section */
		D46720E0244D881700550BF0 /* showButton */ = {
			isa = PBXNativeTarget;
			buildConfigurationList = D4672108244D881900550BF0 /* Build configuration list for PBXNativeTarget "showButton" */;
			buildPhases = (
				D46720DD244D881700550BF0 /* Sources */,
				D46720DE244D881700550BF0 /* Frameworks */,
				D46720DF244D881700550BF0 /* Resources */,
			);
			buildRules = (
			);
			dependencies = (
			);
			name = showButton;
			productName = showButton;
			productReference = D46720E1244D881700550BF0 /* showButton.app */;
			productType = "com.apple.product-type.application";
		};
		D46720FE244D881900550BF0 /* showButtonUITests */ = {
			isa = PBXNativeTarget;
			buildConfigurationList = D467210B244D881900550BF0 /* Build configuration list for PBXNativeTarget "showButtonUITests" */;
			buildPhases = (
				D46720FB244D881900550BF0 /* Sources */,
				D46720FC244D881900550BF0 /* Frameworks */,
				D46720FD244D881900550BF0 /* Resources */,
			);
			buildRules = (
			);
			dependencies = (
				D4672101244D881900550BF0 /* PBXTargetDependency */,
			);
			name = showButtonUITests;
			productName = showButtonUITests;
			productReference = D46720FF244D881900550BF0 /* showButtonUITests.xctest */;
			productType = "com.apple.product-type.bundle.ui-testing";
		};
/* End PBXNativeTarget section */

/* Begin PBXProject section */
		D46720D9244D881700550BF0 /* Project object */ = {
			isa = PBXProject;
			attributes = {
				LastUpgradeCheck = 1140;
				ORGANIZATIONNAME = "张超";
				TargetAttributes = {
					D46720E0244D881700550BF0 = {
						CreatedOnToolsVersion = 11.4;
					};
					D46720FE244D881900550BF0 = {
						CreatedOnToolsVersion = 11.4;
						TestTargetID = D46720E0244D881700550BF0;
					};
				};
			};
			buildConfigurationList = D46720DC244D881700550BF0 /* Build configuration list for PBXProject "showButton" */;
			compatibilityVersion = "Xcode 9.3";
			developmentRegion = en;
			hasScannedForEncodings = 0;
			knownRegions = (
				en,
				Base,
			);
			mainGroup = D46720D8244D881700550BF0;
			productRefGroup = D46720E2244D881700550BF0 /* Products */;
			projectDirPath = "";
			projectRoot = "";
			targets = (
				D46720E0244D881700550BF0 /* showButton */,
				D46720FE244D881900550BF0 /* showButtonUITests */,
			);
		};
/* End PBXProject section */

/* Begin PBXResourcesBuildPhase section */
		D46720DF244D881700550BF0 /* Resources */ = {
			isa = PBXResourcesBuildPhase;
			buildActionMask = 2147483647;
			files = (
				D46720F7244D881800550BF0 /* LaunchScreen.storyboard in Resources */,
				D46720F4244D881800550BF0 /* Assets.xcassets in Resources */,
				D46720EF244D881700550BF0 /* Main.storyboard in Resources */,
			);
			runOnlyForDeploymentPostprocessing = 0;
		};
		D46720FD244D881900550BF0 /* Resources */ = {
			isa = PBXResourcesBuildPhase;
			buildActionMask = 2147483647;
			files = (
			);
			runOnlyForDeploymentPostprocessing = 0;
		};
/* End PBXResourcesBuildPhase section */

/* Begin PBXSourcesBuildPhase section */
		D46720DD244D881700550BF0 /* Sources */ = {
			isa = PBXSourcesBuildPhase;
			buildActionMask = 2147483647;
			files = (
				D46720FA244D881800550BF0 /* main.m in Sources */,
				D46720F2244D881700550BF0 /* showButton.xcdatamodeld in Sources */,
				D46720EC244D881700550BF0 /* ViewController.m in Sources */,
				D46720E6244D881700550BF0 /* AppDelegate.m in Sources */,
				D46720E9244D881700550BF0 /* SceneDelegate.m in Sources */,
			);
			runOnlyForDeploymentPostprocessing = 0;
		};
		D46720FB244D881900550BF0 /* Sources */ = {
			isa = PBXSourcesBuildPhase;
			buildActionMask = 2147483647;
			files = (
				D4672104244D881900550BF0 /* showButtonUITests.m in Sources */,
			);
			runOnlyForDeploymentPostprocessing = 0;
		};
/* End PBXSourcesBuildPhase section */

/* Begin PBXTargetDependency section */
		D4672101244D881900550BF0 /* PBXTargetDependency */ = {
			isa = PBXTargetDependency;
			target = D46720E0244D881700550BF0 /* showButton */;
			targetProxy = D4672100244D881900550BF0 /* PBXContainerItemProxy */;
		};
/* End PBXTargetDependency section */

/* Begin PBXVariantGroup section */
		D46720ED244D881700550BF0 /* Main.storyboard */ = {
			isa = PBXVariantGroup;
			children = (
				D46720EE244D881700550BF0 /* Base */,
			);
			name = Main.storyboard;
			sourceTree = "<group>";
		};
		D46720F5244D881800550BF0 /* LaunchScreen.storyboard */ = {
			isa = PBXVariantGroup;
			children = (
				D46720F6244D881800550BF0 /* Base */,
			);
			name = LaunchScreen.storyboard;
			sourceTree = "<group>";
		};
/* End PBXVariantGroup section */

/* Begin XCBuildConfiguration section */
		D4672106244D881900550BF0 /* Debug */ = {
			isa = XCBuildConfiguration;
			buildSettings = {
				ALWAYS_SEARCH_USER_PATHS = NO;
				CLANG_ANALYZER_NONNULL = YES;
				CLANG_ANALYZER_NUMBER_OBJECT_CONVERSION = YES_AGGRESSIVE;
				CLANG_CXX_LANGUAGE_STANDARD = "gnu++14";
				CLANG_CXX_LIBRARY = "libc++";
				CLANG_ENABLE_MODULES = YES;
				CLANG_ENABLE_OBJC_ARC = YES;
				CLANG_ENABLE_OBJC_WEAK = YES;
				CLANG_WARN_BLOCK_CAPTURE_AUTORELEASING = YES;
				CLANG_WARN_BOOL_CONVERSION = YES;
				CLANG_WARN_COMMA = YES;
				CLANG_WARN_CONSTANT_CONVERSION = YES;
				CLANG_WARN_DEPRECATED_OBJC_IMPLEMENTATIONS = YES;
				CLANG_WARN_DIRECT_OBJC_ISA_USAGE = YES_ERROR;
				CLANG_WARN_DOCUMENTATION_COMMENTS = YES;
				CLANG_WARN_EMPTY_BODY = YES;
				CLANG_WARN_ENUM_CONVERSION = YES;
				CLANG_WARN_INFINITE_RECURSION = YES;
				CLANG_WARN_INT_CONVERSION = YES;
				CLANG_WARN_NON_LITERAL_NULL_CONVERSION = YES;
				CLANG_WARN_OBJC_IMPLICIT_RETAIN_SELF = YES;
				CLANG_WARN_OBJC_LITERAL_CONVERSION = YES;
				CLANG_WARN_OBJC_ROOT_CLASS = YES_ERROR;
				CLANG_WARN_RANGE_LOOP_ANALYSIS = YES;
				CLANG_WARN_STRICT_PROTOTYPES = YES;
				CLANG_WARN_SUSPICIOUS_MOVE = YES;
				CLANG_WARN_UNGUARDED_AVAILABILITY = YES_AGGRESSIVE;
				CLANG_WARN_UNREACHABLE_CODE = YES;
				CLANG_WARN__DUPLICATE_METHOD_MATCH = YES;
				COPY_PHASE_STRIP = NO;
				DEBUG_INFORMATION_FORMAT = dwarf;
				ENABLE_STRICT_OBJC_MSGSEND = YES;
				ENABLE_TESTABILITY = YES;
				GCC_C_LANGUAGE_STANDARD = gnu11;
				GCC_DYNAMIC_NO_PIC = NO;
				GCC_NO_COMMON_BLOCKS = YES;
				GCC_OPTIMIZATION_LEVEL = 0;
				GCC_PREPROCESSOR_DEFINITIONS = (
					"DEBUG=1",
					"$(inherited)",
				);
				GCC_WARN_64_TO_32_BIT_CONVERSION = YES;
				GCC_WARN_ABOUT_RETURN_TYPE = YES_ERROR;
				GCC_WARN_UNDECLARED_SELECTOR = YES;
				GCC_WARN_UNINITIALIZED_AUTOS = YES_AGGRESSIVE;
				GCC_WARN_UNUSED_FUNCTION = YES;
				GCC_WARN_UNUSED_VARIABLE = YES;
				IPHONEOS_DEPLOYMENT_TARGET = 13.4;
				MTL_ENABLE_DEBUG_INFO = INCLUDE_SOURCE;
				MTL_FAST_MATH = YES;
				ONLY_ACTIVE_ARCH = YES;
				SDKROOT = iphoneos;
			};
			name = Debug;
		};
		D4672107244D881900550BF0 /* Release */ = {
			isa = XCBuildConfiguration;
			buildSettings = {
				ALWAYS_SEARCH_USER_PATHS = NO;
				CLANG_ANALYZER_NONNULL = YES;
				CLANG_ANALYZER_NUMBER_OBJECT_CONVERSION = YES_AGGRESSIVE;
				CLANG_CXX_LANGUAGE_STANDARD = "gnu++14";
				CLANG_CXX_LIBRARY = "libc++";
				CLANG_ENABLE_MODULES = YES;
				CLANG_ENABLE_OBJC_ARC = YES;
				CLANG_ENABLE_OBJC_WEAK = YES;
				CLANG_WARN_BLOCK_CAPTURE_AUTORELEASING = YES;
				CLANG_WARN_BOOL_CONVERSION = YES;
				CLANG_WARN_COMMA = YES;
				CLANG_WARN_CONSTANT_CONVERSION = YES;
				CLANG_WARN_DEPRECATED_OBJC_IMPLEMENTATIONS = YES;
				CLANG_WARN_DIRECT_OBJC_ISA_USAGE = YES_ERROR;
				CLANG_WARN_DOCUMENTATION_COMMENTS = YES;
				CLANG_WARN_EMPTY_BODY = YES;
				CLANG_WARN_ENUM_CONVERSION = YES;
				CLANG_WARN_INFINITE_RECURSION = YES;
				CLANG_WARN_INT_CONVERSION = YES;
				CLANG_WARN_NON_LITERAL_NULL_CONVERSION = YES;
				CLANG_WARN_OBJC_IMPLICIT_RETAIN_SELF = YES;
				CLANG_WARN_OBJC_LITERAL_CONVERSION = YES;
				CLANG_WARN_OBJC_ROOT_CLASS = YES_ERROR;
				CLANG_WARN_RANGE_LOOP_ANALYSIS = YES;
				CLANG_WARN_STRICT_PROTOTYPES = YES;
				CLANG_WARN_SUSPICIOUS_MOVE = YES;
				CLANG_WARN_UNGUARDED_AVAILABILITY = YES_AGGRESSIVE;
				CLANG_WARN_UNREACHABLE_CODE = YES;
				CLANG_WARN__DUPLICATE_METHOD_MATCH = YES;
				COPY_PHASE_STRIP = NO;
				DEBUG_INFORMATION_FORMAT = "dwarf-with-dsym";
				ENABLE_NS_ASSERTIONS = NO;
				ENABLE_STRICT_OBJC_MSGSEND = YES;
				GCC_C_LANGUAGE_STANDARD = gnu11;
				GCC_NO_COMMON_BLOCKS = YES;
				GCC_WARN_64_TO_32_BIT_CONVERSION = YES;
				GCC_WARN_ABOUT_RETURN_TYPE = YES_ERROR;
				GCC_WARN_UNDECLARED_SELECTOR = YES;
				GCC_WARN_UNINITIALIZED_AUTOS = YES_AGGRESSIVE;
				GCC_WARN_UNUSED_FUNCTION = YES;
				GCC_WARN_UNUSED_VARIABLE = YES;
				IPHONEOS_DEPLOYMENT_TARGET = 13.4;
				MTL_ENABLE_DEBUG_INFO = NO;
				MTL_FAST_MATH = YES;
				SDKROOT = iphoneos;
				VALIDATE_PRODUCT = YES;
			};
			name = Release;
		};
		D4672109244D881900550BF0 /* Debug */ = {
			isa = XCBuildConfiguration;
			buildSettings = {
				ASSETCATALOG_COMPILER_APPICON_NAME = AppIcon;
				CODE_SIGN_STYLE = Automatic;
				DEVELOPMENT_TEAM = P95YVH5K78;
				INFOPLIST_FILE = showButton/Info.plist;
				LD_RUNPATH_SEARCH_PATHS = (
					"$(inherited)",
					"@executable_path/Frameworks",
				);
				PRODUCT_BUNDLE_IDENTIFIER = it.lingmao.showButton;
				PRODUCT_NAME = "$(TARGET_NAME)";
				TARGETED_DEVICE_FAMILY = "1,2";
			};
			name = Debug;
		};
		D467210A244D881900550BF0 /* Release */ = {
			isa = XCBuildConfiguration;
			buildSettings = {
				ASSETCATALOG_COMPILER_APPICON_NAME = AppIcon;
				CODE_SIGN_STYLE = Automatic;
				DEVELOPMENT_TEAM = P95YVH5K78;
				INFOPLIST_FILE = showButton/Info.plist;
				LD_RUNPATH_SEARCH_PATHS = (
					"$(inherited)",
					"@executable_path/Frameworks",
				);
				PRODUCT_BUNDLE_IDENTIFIER = it.lingmao.showButton;
				PRODUCT_NAME = "$(TARGET_NAME)";
				TARGETED_DEVICE_FAMILY = "1,2";
			};
			name = Release;
		};
		D467210C244D881900550BF0 /* Debug */ = {
			isa = XCBuildConfiguration;
			buildSettings = {
				CODE_SIGN_STYLE = Automatic;
				DEVELOPMENT_TEAM = P95YVH5K78;
				INFOPLIST_FILE = showButtonUITests/Info.plist;
				LD_RUNPATH_SEARCH_PATHS = (
					"$(inherited)",
					"@executable_path/Frameworks",
					"@loader_path/Frameworks",
				);
				PRODUCT_BUNDLE_IDENTIFIER = it.lingmao.showButtonUITests;
				PRODUCT_NAME = "$(TARGET_NAME)";
				TARGETED_DEVICE_FAMILY = "1,2";
				TEST_TARGET_NAME = showButton;
			};
			name = Debug;
		};
		D467210D244D881900550BF0 /* Release */ = {
			isa = XCBuildConfiguration;
			buildSettings = {
				CODE_SIGN_STYLE = Automatic;
				DEVELOPMENT_TEAM = P95YVH5K78;
				INFOPLIST_FILE = showButtonUITests/Info.plist;
				LD_RUNPATH_SEARCH_PATHS = (
					"$(inherited)",
					"@executable_path/Frameworks",
					"@loader_path/Frameworks",
				);
				PRODUCT_BUNDLE_IDENTIFIER = it.lingmao.showButtonUITests;
				PRODUCT_NAME = "$(TARGET_NAME)";
				TARGETED_DEVICE_FAMILY = "1,2";
				TEST_TARGET_NAME = showButton;
			};
			name = Release;
		};
/* End XCBuildConfiguration section */

/* Begin XCConfigurationList section */
		D46720DC244D881700550BF0 /* Build configuration list for PBXProject "showButton" */ = {
			isa = XCConfigurationList;
			buildConfigurations = (
				D4672106244D881900550BF0 /* Debug */,
				D4672107244D881900550BF0 /* Release */,
			);
			defaultConfigurationIsVisible = 0;
			defaultConfigurationName = Release;
		};
		D4672108244D881900550BF0 /* Build configuration list for PBXNativeTarget "showButton" */ = {
			isa = XCConfigurationList;
			buildConfigurations = (
				D4672109244D881900550BF0 /* Debug */,
				D467210A244D881900550BF0 /* Release */,
			);
			defaultConfigurationIsVisible = 0;
			defaultConfigurationName = Release;
		};
		D467210B244D881900550BF0 /* Build configuration list for PBXNativeTarget "showButtonUITests" */ = {
			isa = XCConfigurationList;
			buildConfigurations = (
				D467210C244D881900550BF0 /* Debug */,
				D467210D244D881900550BF0 /* Release */,
			);
			defaultConfigurationIsVisible = 0;
			defaultConfigurationName = Release;
		};
/* End XCConfigurationList section */

/* Begin XCVersionGroup section */
		D46720F0244D881700550BF0 /* showButton.xcdatamodeld */ = {
			isa = XCVersionGroup;
			children = (
				D46720F1244D881700550BF0 /* showButton.xcdatamodel */,
			);
			currentVersion = D46720F1244D881700550BF0 /* showButton.xcdatamodel */;
			path = showButton.xcdatamodeld;
			sourceTree = "<group>";
			versionGroupType = wrapper.xcdatamodel;
		};
/* End XCVersionGroup section */
	};
	rootObject = D46720D9244D881700550BF0 /* Project object */;
}
